// !$*UTF8*$!
{
	archiveVersion = 1;
	classes = {
	};
	objectVersion = 50;
	objects = {

/* Begin PBXBuildFile section */
		6788863B2558F845004C7A45 /* PagerTabViewController.swift in Sources */ = {isa = PBXBuildFile; fileRef = 6788863A2558F845004C7A45 /* PagerTabViewController.swift */; };
		678886662558F917004C7A45 /* ButtonCell.xib in Resources */ = {isa = PBXBuildFile; fileRef = 6788865A2558F917004C7A45 /* ButtonCell.xib */; };
		678886672558F917004C7A45 /* SwipeDirection.swift in Sources */ = {isa = PBXBuildFile; fileRef = 6788865B2558F917004C7A45 /* SwipeDirection.swift */; };
		678886682558F917004C7A45 /* IndicatorInfo.swift in Sources */ = {isa = PBXBuildFile; fileRef = 6788865C2558F917004C7A45 /* IndicatorInfo.swift */; };
		678886692558F917004C7A45 /* ButtonBarView.swift in Sources */ = {isa = PBXBuildFile; fileRef = 6788865D2558F917004C7A45 /* ButtonBarView.swift */; };
		6788866A2558F917004C7A45 /* BarView.swift in Sources */ = {isa = PBXBuildFile; fileRef = 6788865E2558F917004C7A45 /* BarView.swift */; };
		6788866B2558F917004C7A45 /* PagerTabStripBehaviour.swift in Sources */ = {isa = PBXBuildFile; fileRef = 6788865F2558F917004C7A45 /* PagerTabStripBehaviour.swift */; };
		6788866C2558F917004C7A45 /* ButtonBarViewCell.swift in Sources */ = {isa = PBXBuildFile; fileRef = 678886602558F917004C7A45 /* ButtonBarViewCell.swift */; };
		6788866D2558F917004C7A45 /* PagerTabStripError.swift in Sources */ = {isa = PBXBuildFile; fileRef = 678886612558F917004C7A45 /* PagerTabStripError.swift */; };
		6788866E2558F917004C7A45 /* BarPagerTabStripViewController.swift in Sources */ = {isa = PBXBuildFile; fileRef = 678886622558F917004C7A45 /* BarPagerTabStripViewController.swift */; };
		6788866F2558F917004C7A45 /* PagerTabStripViewController.swift in Sources */ = {isa = PBXBuildFile; fileRef = 678886632558F917004C7A45 /* PagerTabStripViewController.swift */; };
		678886702558F917004C7A45 /* BaseButtonBarPagerTabStripViewController.swift in Sources */ = {isa = PBXBuildFile; fileRef = 678886642558F917004C7A45 /* BaseButtonBarPagerTabStripViewController.swift */; };
		678886712558F917004C7A45 /* ButtonBarPagerTabStripViewController.swift in Sources */ = {isa = PBXBuildFile; fileRef = 678886652558F917004C7A45 /* ButtonBarPagerTabStripViewController.swift */; };
		678886772558FC35004C7A45 /* Enums.swift in Sources */ = {isa = PBXBuildFile; fileRef = 678886762558FC35004C7A45 /* Enums.swift */; };
		6788867B2558FDB0004C7A45 /* UIFont+Alinea.swift in Sources */ = {isa = PBXBuildFile; fileRef = 6788867A2558FDB0004C7A45 /* UIFont+Alinea.swift */; };
		6788867F255900C0004C7A45 /* CategoryViewController.swift in Sources */ = {isa = PBXBuildFile; fileRef = 6788867E255900C0004C7A45 /* CategoryViewController.swift */; };
		67888682255908CE004C7A45 /* ThemesViewController.swift in Sources */ = {isa = PBXBuildFile; fileRef = 67888681255908CE004C7A45 /* ThemesViewController.swift */; };
		67888685255908DA004C7A45 /* TrendingViewController.swift in Sources */ = {isa = PBXBuildFile; fileRef = 67888684255908DA004C7A45 /* TrendingViewController.swift */; };
		6788868C25591191004C7A45 /* trending.json in Resources */ = {isa = PBXBuildFile; fileRef = 6788868925591190004C7A45 /* trending.json */; };
		6788868D25591191004C7A45 /* themes.json in Resources */ = {isa = PBXBuildFile; fileRef = 6788868A25591190004C7A45 /* themes.json */; };
		6788868E25591191004C7A45 /* categories.json in Resources */ = {isa = PBXBuildFile; fileRef = 6788868B25591191004C7A45 /* categories.json */; };
		6788869A25591401004C7A45 /* Category.swift in Sources */ = {isa = PBXBuildFile; fileRef = 6788869925591401004C7A45 /* Category.swift */; };
		6788869D255914A2004C7A45 /* Theme.swift in Sources */ = {isa = PBXBuildFile; fileRef = 6788869C255914A2004C7A45 /* Theme.swift */; };
		678886A02559173C004C7A45 /* CategoryViewModel.swift in Sources */ = {isa = PBXBuildFile; fileRef = 6788869F2559173C004C7A45 /* CategoryViewModel.swift */; };
		678886A62559183D004C7A45 /* Dynamic.swift in Sources */ = {isa = PBXBuildFile; fileRef = 678886A52559183D004C7A45 /* Dynamic.swift */; };
		678886A925592992004C7A45 /* CategoryTableViewCell.swift in Sources */ = {isa = PBXBuildFile; fileRef = 678886A825592992004C7A45 /* CategoryTableViewCell.swift */; };
		678886AD25592C10004C7A45 /* UIView+Alinea.swift in Sources */ = {isa = PBXBuildFile; fileRef = 678886AC25592C10004C7A45 /* UIView+Alinea.swift */; };
		678886B12559306F004C7A45 /* CategoryDataSource.swift in Sources */ = {isa = PBXBuildFile; fileRef = 678886B02559306E004C7A45 /* CategoryDataSource.swift */; };
		678886B6255931A6004C7A45 /* CategoryService.swift in Sources */ = {isa = PBXBuildFile; fileRef = 678886B5255931A6004C7A45 /* CategoryService.swift */; };
		678886BA25593BD5004C7A45 /* ThemeCollectionViewCell.swift in Sources */ = {isa = PBXBuildFile; fileRef = 678886B925593BD5004C7A45 /* ThemeCollectionViewCell.swift */; };
		67BCB9FE255842AC00A001C0 /* AppDelegate.swift in Sources */ = {isa = PBXBuildFile; fileRef = 67BCB9FD255842AC00A001C0 /* AppDelegate.swift */; };
		67BCBA07255842AF00A001C0 /* Assets.xcassets in Resources */ = {isa = PBXBuildFile; fileRef = 67BCBA06255842AF00A001C0 /* Assets.xcassets */; };
		67BCBA0A255842AF00A001C0 /* LaunchScreen.storyboard in Resources */ = {isa = PBXBuildFile; fileRef = 67BCBA08255842AF00A001C0 /* LaunchScreen.storyboard */; };
/* End PBXBuildFile section */

/* Begin PBXFileReference section */
		6788863A2558F845004C7A45 /* PagerTabViewController.swift */ = {isa = PBXFileReference; lastKnownFileType = sourcecode.swift; path = PagerTabViewController.swift; sourceTree = "<group>"; };
		6788865A2558F917004C7A45 /* ButtonCell.xib */ = {isa = PBXFileReference; fileEncoding = 4; lastKnownFileType = file.xib; path = ButtonCell.xib; sourceTree = "<group>"; };
		6788865B2558F917004C7A45 /* SwipeDirection.swift */ = {isa = PBXFileReference; fileEncoding = 4; lastKnownFileType = sourcecode.swift; path = SwipeDirection.swift; sourceTree = "<group>"; };
		6788865C2558F917004C7A45 /* IndicatorInfo.swift */ = {isa = PBXFileReference; fileEncoding = 4; lastKnownFileType = sourcecode.swift; path = IndicatorInfo.swift; sourceTree = "<group>"; };
		6788865D2558F917004C7A45 /* ButtonBarView.swift */ = {isa = PBXFileReference; fileEncoding = 4; lastKnownFileType = sourcecode.swift; path = ButtonBarView.swift; sourceTree = "<group>"; };
		6788865E2558F917004C7A45 /* BarView.swift */ = {isa = PBXFileReference; fileEncoding = 4; lastKnownFileType = sourcecode.swift; path = BarView.swift; sourceTree = "<group>"; };
		6788865F2558F917004C7A45 /* PagerTabStripBehaviour.swift */ = {isa = PBXFileReference; fileEncoding = 4; lastKnownFileType = sourcecode.swift; path = PagerTabStripBehaviour.swift; sourceTree = "<group>"; };
		678886602558F917004C7A45 /* ButtonBarViewCell.swift */ = {isa = PBXFileReference; fileEncoding = 4; lastKnownFileType = sourcecode.swift; path = ButtonBarViewCell.swift; sourceTree = "<group>"; };
		678886612558F917004C7A45 /* PagerTabStripError.swift */ = {isa = PBXFileReference; fileEncoding = 4; lastKnownFileType = sourcecode.swift; path = PagerTabStripError.swift; sourceTree = "<group>"; };
		678886622558F917004C7A45 /* BarPagerTabStripViewController.swift */ = {isa = PBXFileReference; fileEncoding = 4; lastKnownFileType = sourcecode.swift; path = BarPagerTabStripViewController.swift; sourceTree = "<group>"; };
		678886632558F917004C7A45 /* PagerTabStripViewController.swift */ = {isa = PBXFileReference; fileEncoding = 4; lastKnownFileType = sourcecode.swift; path = PagerTabStripViewController.swift; sourceTree = "<group>"; };
		678886642558F917004C7A45 /* BaseButtonBarPagerTabStripViewController.swift */ = {isa = PBXFileReference; fileEncoding = 4; lastKnownFileType = sourcecode.swift; path = BaseButtonBarPagerTabStripViewController.swift; sourceTree = "<group>"; };
		678886652558F917004C7A45 /* ButtonBarPagerTabStripViewController.swift */ = {isa = PBXFileReference; fileEncoding = 4; lastKnownFileType = sourcecode.swift; path = ButtonBarPagerTabStripViewController.swift; sourceTree = "<group>"; };
		678886762558FC35004C7A45 /* Enums.swift */ = {isa = PBXFileReference; lastKnownFileType = sourcecode.swift; path = Enums.swift; sourceTree = "<group>"; };
		6788867A2558FDB0004C7A45 /* UIFont+Alinea.swift */ = {isa = PBXFileReference; lastKnownFileType = sourcecode.swift; path = "UIFont+Alinea.swift"; sourceTree = "<group>"; };
		6788867E255900C0004C7A45 /* CategoryViewController.swift */ = {isa = PBXFileReference; lastKnownFileType = sourcecode.swift; path = CategoryViewController.swift; sourceTree = "<group>"; };
		67888681255908CE004C7A45 /* ThemesViewController.swift */ = {isa = PBXFileReference; lastKnownFileType = sourcecode.swift; path = ThemesViewController.swift; sourceTree = "<group>"; };
		67888684255908DA004C7A45 /* TrendingViewController.swift */ = {isa = PBXFileReference; lastKnownFileType = sourcecode.swift; path = TrendingViewController.swift; sourceTree = "<group>"; };
		6788868925591190004C7A45 /* trending.json */ = {isa = PBXFileReference; fileEncoding = 4; lastKnownFileType = text.json; path = trending.json; sourceTree = "<group>"; };
		6788868A25591190004C7A45 /* themes.json */ = {isa = PBXFileReference; fileEncoding = 4; lastKnownFileType = text.json; path = themes.json; sourceTree = "<group>"; };
		6788868B25591191004C7A45 /* categories.json */ = {isa = PBXFileReference; fileEncoding = 4; lastKnownFileType = text.json; path = categories.json; sourceTree = "<group>"; };
		6788869925591401004C7A45 /* Category.swift */ = {isa = PBXFileReference; lastKnownFileType = sourcecode.swift; path = Category.swift; sourceTree = "<group>"; };
		6788869C255914A2004C7A45 /* Theme.swift */ = {isa = PBXFileReference; lastKnownFileType = sourcecode.swift; path = Theme.swift; sourceTree = "<group>"; };
		6788869F2559173C004C7A45 /* CategoryViewModel.swift */ = {isa = PBXFileReference; lastKnownFileType = sourcecode.swift; path = CategoryViewModel.swift; sourceTree = "<group>"; };
		678886A52559183D004C7A45 /* Dynamic.swift */ = {isa = PBXFileReference; lastKnownFileType = sourcecode.swift; path = Dynamic.swift; sourceTree = "<group>"; };
		678886A825592992004C7A45 /* CategoryTableViewCell.swift */ = {isa = PBXFileReference; lastKnownFileType = sourcecode.swift; path = CategoryTableViewCell.swift; sourceTree = "<group>"; };
		678886AC25592C10004C7A45 /* UIView+Alinea.swift */ = {isa = PBXFileReference; lastKnownFileType = sourcecode.swift; path = "UIView+Alinea.swift"; sourceTree = "<group>"; };
		678886B02559306E004C7A45 /* CategoryDataSource.swift */ = {isa = PBXFileReference; lastKnownFileType = sourcecode.swift; path = CategoryDataSource.swift; sourceTree = "<group>"; };
		678886B5255931A6004C7A45 /* CategoryService.swift */ = {isa = PBXFileReference; lastKnownFileType = sourcecode.swift; path = CategoryService.swift; sourceTree = "<group>"; };
		678886B925593BD5004C7A45 /* ThemeCollectionViewCell.swift */ = {isa = PBXFileReference; lastKnownFileType = sourcecode.swift; path = ThemeCollectionViewCell.swift; sourceTree = "<group>"; };
		67BCB9FA255842AC00A001C0 /* AlineaTask.app */ = {isa = PBXFileReference; explicitFileType = wrapper.application; includeInIndex = 0; path = AlineaTask.app; sourceTree = BUILT_PRODUCTS_DIR; };
		67BCB9FD255842AC00A001C0 /* AppDelegate.swift */ = {isa = PBXFileReference; lastKnownFileType = sourcecode.swift; path = AppDelegate.swift; sourceTree = "<group>"; };
		67BCBA06255842AF00A001C0 /* Assets.xcassets */ = {isa = PBXFileReference; lastKnownFileType = folder.assetcatalog; path = Assets.xcassets; sourceTree = "<group>"; };
		67BCBA09255842AF00A001C0 /* Base */ = {isa = PBXFileReference; lastKnownFileType = file.storyboard; name = Base; path = Base.lproj/LaunchScreen.storyboard; sourceTree = "<group>"; };
		67BCBA0B255842AF00A001C0 /* Info.plist */ = {isa = PBXFileReference; lastKnownFileType = text.plist.xml; path = Info.plist; sourceTree = "<group>"; };
/* End PBXFileReference section */

/* Begin PBXFrameworksBuildPhase section */
		67BCB9F7255842AC00A001C0 /* Frameworks */ = {
			isa = PBXFrameworksBuildPhase;
			buildActionMask = 2147483647;
			files = (
			);
			runOnlyForDeploymentPostprocessing = 0;
		};
/* End PBXFrameworksBuildPhase section */

/* Begin PBXGroup section */
		6788863D2558F8A6004C7A45 /* Repos */ = {
			isa = PBXGroup;
			children = (
				678886592558F917004C7A45 /* PagerTabStrip */,
			);
			path = Repos;
			sourceTree = "<group>";
		};
		678886592558F917004C7A45 /* PagerTabStrip */ = {
			isa = PBXGroup;
			children = (
				6788865A2558F917004C7A45 /* ButtonCell.xib */,
				6788865B2558F917004C7A45 /* SwipeDirection.swift */,
				6788865C2558F917004C7A45 /* IndicatorInfo.swift */,
				6788865D2558F917004C7A45 /* ButtonBarView.swift */,
				6788865E2558F917004C7A45 /* BarView.swift */,
				6788865F2558F917004C7A45 /* PagerTabStripBehaviour.swift */,
				678886602558F917004C7A45 /* ButtonBarViewCell.swift */,
				678886612558F917004C7A45 /* PagerTabStripError.swift */,
				678886622558F917004C7A45 /* BarPagerTabStripViewController.swift */,
				678886632558F917004C7A45 /* PagerTabStripViewController.swift */,
				678886642558F917004C7A45 /* BaseButtonBarPagerTabStripViewController.swift */,
				678886652558F917004C7A45 /* ButtonBarPagerTabStripViewController.swift */,
			);
			path = PagerTabStrip;
			sourceTree = "<group>";
		};
		678886792558FD9C004C7A45 /* Extensions */ = {
			isa = PBXGroup;
			children = (
				6788867A2558FDB0004C7A45 /* UIFont+Alinea.swift */,
				678886AC25592C10004C7A45 /* UIView+Alinea.swift */,
			);
			path = Extensions;
			sourceTree = "<group>";
		};
		6788868725591054004C7A45 /* Resources */ = {
			isa = PBXGroup;
			children = (
				6788868B25591191004C7A45 /* categories.json */,
				6788868A25591190004C7A45 /* themes.json */,
				6788868925591190004C7A45 /* trending.json */,
			);
			path = Resources;
			sourceTree = "<group>";
		};
		678886AF2559305F004C7A45 /* Category */ = {
			isa = PBXGroup;
			children = (
				6788869F2559173C004C7A45 /* CategoryViewModel.swift */,
				678886B02559306E004C7A45 /* CategoryDataSource.swift */,
			);
			path = Category;
			sourceTree = "<group>";
		};
		678886B42559317E004C7A45 /* Service */ = {
			isa = PBXGroup;
			children = (
				678886B5255931A6004C7A45 /* CategoryService.swift */,
			);
			path = Service;
			sourceTree = "<group>";
		};
		67BCB9F1255842AC00A001C0 = {
			isa = PBXGroup;
			children = (
				67BCB9FC255842AC00A001C0 /* AlineaTask */,
				67BCB9FB255842AC00A001C0 /* Products */,
			);
			sourceTree = "<group>";
		};
		67BCB9FB255842AC00A001C0 /* Products */ = {
			isa = PBXGroup;
			children = (
				67BCB9FA255842AC00A001C0 /* AlineaTask.app */,
			);
			name = Products;
			sourceTree = "<group>";
		};
		67BCB9FC255842AC00A001C0 /* AlineaTask */ = {
			isa = PBXGroup;
			children = (
				67BCB9FD255842AC00A001C0 /* AppDelegate.swift */,
				6788868725591054004C7A45 /* Resources */,
				6788863D2558F8A6004C7A45 /* Repos */,
				67BCBA1B25584B5100A001C0 /* Constants */,
				678886B42559317E004C7A45 /* Service */,
				67BCBA1A25584B3100A001C0 /* Helper */,
				67BCBA1825584AFB00A001C0 /* Model */,
				67BCBA1725584AEE00A001C0 /* View */,
				67BCBA1925584B0800A001C0 /* ViewModel */,
				67BCBA1625584ADE00A001C0 /* ViewController */,
				67BCBA06255842AF00A001C0 /* Assets.xcassets */,
				67BCBA08255842AF00A001C0 /* LaunchScreen.storyboard */,
				67BCBA0B255842AF00A001C0 /* Info.plist */,
			);
			path = AlineaTask;
			sourceTree = "<group>";
		};
		67BCBA1625584ADE00A001C0 /* ViewController */ = {
			isa = PBXGroup;
			children = (
				6788863A2558F845004C7A45 /* PagerTabViewController.swift */,
				6788867E255900C0004C7A45 /* CategoryViewController.swift */,
				67888681255908CE004C7A45 /* ThemesViewController.swift */,
				67888684255908DA004C7A45 /* TrendingViewController.swift */,
			);
			path = ViewController;
			sourceTree = "<group>";
		};
		67BCBA1725584AEE00A001C0 /* View */ = {
			isa = PBXGroup;
			children = (
				678886A825592992004C7A45 /* CategoryTableViewCell.swift */,
				678886B925593BD5004C7A45 /* ThemeCollectionViewCell.swift */,
			);
			path = View;
			sourceTree = "<group>";
		};
		67BCBA1825584AFB00A001C0 /* Model */ = {
			isa = PBXGroup;
			children = (
				6788869925591401004C7A45 /* Category.swift */,
				6788869C255914A2004C7A45 /* Theme.swift */,
			);
			path = Model;
			sourceTree = "<group>";
		};
		67BCBA1925584B0800A001C0 /* ViewModel */ = {
			isa = PBXGroup;
			children = (
				678886AF2559305F004C7A45 /* Category */,
			);
			path = ViewModel;
			sourceTree = "<group>";
		};
		67BCBA1A25584B3100A001C0 /* Helper */ = {
			isa = PBXGroup;
			children = (
				678886A52559183D004C7A45 /* Dynamic.swift */,
				678886792558FD9C004C7A45 /* Extensions */,
			);
			path = Helper;
			sourceTree = "<group>";
		};
		67BCBA1B25584B5100A001C0 /* Constants */ = {
			isa = PBXGroup;
			children = (
				678886762558FC35004C7A45 /* Enums.swift */,
			);
			path = Constants;
			sourceTree = "<group>";
		};
/* End PBXGroup section */

/* Begin PBXNativeTarget section */
		67BCB9F9255842AC00A001C0 /* AlineaTask */ = {
			isa = PBXNativeTarget;
			buildConfigurationList = 67BCBA0E255842AF00A001C0 /* Build configuration list for PBXNativeTarget "AlineaTask" */;
			buildPhases = (
				67BCB9F6255842AC00A001C0 /* Sources */,
				67BCB9F7255842AC00A001C0 /* Frameworks */,
				67BCB9F8255842AC00A001C0 /* Resources */,
			);
			buildRules = (
			);
			dependencies = (
			);
			name = AlineaTask;
			productName = AlineaTask;
			productReference = 67BCB9FA255842AC00A001C0 /* AlineaTask.app */;
			productType = "com.apple.product-type.application";
		};
/* End PBXNativeTarget section */

/* Begin PBXProject section */
		67BCB9F2255842AC00A001C0 /* Project object */ = {
			isa = PBXProject;
			attributes = {
				LastSwiftUpdateCheck = 1200;
				LastUpgradeCheck = 1200;
				TargetAttributes = {
					67BCB9F9255842AC00A001C0 = {
						CreatedOnToolsVersion = 12.0;
					};
				};
			};
			buildConfigurationList = 67BCB9F5255842AC00A001C0 /* Build configuration list for PBXProject "AlineaTask" */;
			compatibilityVersion = "Xcode 9.3";
			developmentRegion = en;
			hasScannedForEncodings = 0;
			knownRegions = (
				en,
				Base,
			);
			mainGroup = 67BCB9F1255842AC00A001C0;
			productRefGroup = 67BCB9FB255842AC00A001C0 /* Products */;
			projectDirPath = "";
			projectRoot = "";
			targets = (
				67BCB9F9255842AC00A001C0 /* AlineaTask */,
			);
		};
/* End PBXProject section */

/* Begin PBXResourcesBuildPhase section */
		67BCB9F8255842AC00A001C0 /* Resources */ = {
			isa = PBXResourcesBuildPhase;
			buildActionMask = 2147483647;
			files = (
				6788868D25591191004C7A45 /* themes.json in Resources */,
				6788868E25591191004C7A45 /* categories.json in Resources */,
				6788868C25591191004C7A45 /* trending.json in Resources */,
				678886662558F917004C7A45 /* ButtonCell.xib in Resources */,
				67BCBA0A255842AF00A001C0 /* LaunchScreen.storyboard in Resources */,
				67BCBA07255842AF00A001C0 /* Assets.xcassets in Resources */,
			);
			runOnlyForDeploymentPostprocessing = 0;
		};
/* End PBXResourcesBuildPhase section */

/* Begin PBXSourcesBuildPhase section */
		67BCB9F6255842AC00A001C0 /* Sources */ = {
			isa = PBXSourcesBuildPhase;
			buildActionMask = 2147483647;
			files = (
				6788866A2558F917004C7A45 /* BarView.swift in Sources */,
				678886692558F917004C7A45 /* ButtonBarView.swift in Sources */,
				6788867F255900C0004C7A45 /* CategoryViewController.swift in Sources */,
				678886B6255931A6004C7A45 /* CategoryService.swift in Sources */,
				678886672558F917004C7A45 /* SwipeDirection.swift in Sources */,
				67888682255908CE004C7A45 /* ThemesViewController.swift in Sources */,
				6788863B2558F845004C7A45 /* PagerTabViewController.swift in Sources */,
				6788869D255914A2004C7A45 /* Theme.swift in Sources */,
				678886BA25593BD5004C7A45 /* ThemeCollectionViewCell.swift in Sources */,
				678886702558F917004C7A45 /* BaseButtonBarPagerTabStripViewController.swift in Sources */,
				67888685255908DA004C7A45 /* TrendingViewController.swift in Sources */,
				6788866D2558F917004C7A45 /* PagerTabStripError.swift in Sources */,
				678886772558FC35004C7A45 /* Enums.swift in Sources */,
				678886B12559306F004C7A45 /* CategoryDataSource.swift in Sources */,
				6788869A25591401004C7A45 /* Category.swift in Sources */,
				6788867B2558FDB0004C7A45 /* UIFont+Alinea.swift in Sources */,
				678886A02559173C004C7A45 /* CategoryViewModel.swift in Sources */,
				6788866B2558F917004C7A45 /* PagerTabStripBehaviour.swift in Sources */,
				678886A62559183D004C7A45 /* Dynamic.swift in Sources */,
				67BCB9FE255842AC00A001C0 /* AppDelegate.swift in Sources */,
				678886AD25592C10004C7A45 /* UIView+Alinea.swift in Sources */,
				6788866C2558F917004C7A45 /* ButtonBarViewCell.swift in Sources */,
				678886682558F917004C7A45 /* IndicatorInfo.swift in Sources */,
				6788866F2558F917004C7A45 /* PagerTabStripViewController.swift in Sources */,
				678886712558F917004C7A45 /* ButtonBarPagerTabStripViewController.swift in Sources */,
				6788866E2558F917004C7A45 /* BarPagerTabStripViewController.swift in Sources */,
				678886A925592992004C7A45 /* CategoryTableViewCell.swift in Sources */,
			);
			runOnlyForDeploymentPostprocessing = 0;
		};
/* End PBXSourcesBuildPhase section */

/* Begin PBXVariantGroup section */
		67BCBA08255842AF00A001C0 /* LaunchScreen.storyboard */ = {
			isa = PBXVariantGroup;
			children = (
				67BCBA09255842AF00A001C0 /* Base */,
			);
			name = LaunchScreen.storyboard;
			sourceTree = "<group>";
		};
/* End PBXVariantGroup section */

/* Begin XCBuildConfiguration section */
		67BCBA0C255842AF00A001C0 /* Debug */ = {
			isa = XCBuildConfiguration;
			buildSettings = {
				ALWAYS_SEARCH_USER_PATHS = NO;
				CLANG_ANALYZER_NONNULL = YES;
				CLANG_ANALYZER_NUMBER_OBJECT_CONVERSION = YES_AGGRESSIVE;
				CLANG_CXX_LANGUAGE_STANDARD = "gnu++14";
				CLANG_CXX_LIBRARY = "libc++";
				CLANG_ENABLE_MODULES = YES;
				CLANG_ENABLE_OBJC_ARC = YES;
				CLANG_ENABLE_OBJC_WEAK = YES;
				CLANG_WARN_BLOCK_CAPTURE_AUTORELEASING = YES;
				CLANG_WARN_BOOL_CONVERSION = YES;
				CLANG_WARN_COMMA = YES;
				CLANG_WARN_CONSTANT_CONVERSION = YES;
				CLANG_WARN_DEPRECATED_OBJC_IMPLEMENTATIONS = YES;
				CLANG_WARN_DIRECT_OBJC_ISA_USAGE = YES_ERROR;
				CLANG_WARN_DOCUMENTATION_COMMENTS = YES;
				CLANG_WARN_EMPTY_BODY = YES;
				CLANG_WARN_ENUM_CONVERSION = YES;
				CLANG_WARN_INFINITE_RECURSION = YES;
				CLANG_WARN_INT_CONVERSION = YES;
				CLANG_WARN_NON_LITERAL_NULL_CONVERSION = YES;
				CLANG_WARN_OBJC_IMPLICIT_RETAIN_SELF = YES;
				CLANG_WARN_OBJC_LITERAL_CONVERSION = YES;
				CLANG_WARN_OBJC_ROOT_CLASS = YES_ERROR;
				CLANG_WARN_QUOTED_INCLUDE_IN_FRAMEWORK_HEADER = YES;
				CLANG_WARN_RANGE_LOOP_ANALYSIS = YES;
				CLANG_WARN_STRICT_PROTOTYPES = YES;
				CLANG_WARN_SUSPICIOUS_MOVE = YES;
				CLANG_WARN_UNGUARDED_AVAILABILITY = YES_AGGRESSIVE;
				CLANG_WARN_UNREACHABLE_CODE = YES;
				CLANG_WARN__DUPLICATE_METHOD_MATCH = YES;
				COPY_PHASE_STRIP = NO;
				DEBUG_INFORMATION_FORMAT = dwarf;
				ENABLE_STRICT_OBJC_MSGSEND = YES;
				ENABLE_TESTABILITY = YES;
				GCC_C_LANGUAGE_STANDARD = gnu11;
				GCC_DYNAMIC_NO_PIC = NO;
				GCC_NO_COMMON_BLOCKS = YES;
				GCC_OPTIMIZATION_LEVEL = 0;
				GCC_PREPROCESSOR_DEFINITIONS = (
					"DEBUG=1",
					"$(inherited)",
				);
				GCC_WARN_64_TO_32_BIT_CONVERSION = YES;
				GCC_WARN_ABOUT_RETURN_TYPE = YES_ERROR;
				GCC_WARN_UNDECLARED_SELECTOR = YES;
				GCC_WARN_UNINITIALIZED_AUTOS = YES_AGGRESSIVE;
				GCC_WARN_UNUSED_FUNCTION = YES;
				GCC_WARN_UNUSED_VARIABLE = YES;
				IPHONEOS_DEPLOYMENT_TARGET = 14.0;
				MTL_ENABLE_DEBUG_INFO = INCLUDE_SOURCE;
				MTL_FAST_MATH = YES;
				ONLY_ACTIVE_ARCH = YES;
				SDKROOT = iphoneos;
				SWIFT_ACTIVE_COMPILATION_CONDITIONS = DEBUG;
				SWIFT_OPTIMIZATION_LEVEL = "-Onone";
			};
			name = Debug;
		};
		67BCBA0D255842AF00A001C0 /* Release */ = {
			isa = XCBuildConfiguration;
			buildSettings = {
				ALWAYS_SEARCH_USER_PATHS = NO;
				CLANG_ANALYZER_NONNULL = YES;
				CLANG_ANALYZER_NUMBER_OBJECT_CONVERSION = YES_AGGRESSIVE;
				CLANG_CXX_LANGUAGE_STANDARD = "gnu++14";
				CLANG_CXX_LIBRARY = "libc++";
				CLANG_ENABLE_MODULES = YES;
				CLANG_ENABLE_OBJC_ARC = YES;
				CLANG_ENABLE_OBJC_WEAK = YES;
				CLANG_WARN_BLOCK_CAPTURE_AUTORELEASING = YES;
				CLANG_WARN_BOOL_CONVERSION = YES;
				CLANG_WARN_COMMA = YES;
				CLANG_WARN_CONSTANT_CONVERSION = YES;
				CLANG_WARN_DEPRECATED_OBJC_IMPLEMENTATIONS = YES;
				CLANG_WARN_DIRECT_OBJC_ISA_USAGE = YES_ERROR;
				CLANG_WARN_DOCUMENTATION_COMMENTS = YES;
				CLANG_WARN_EMPTY_BODY = YES;
				CLANG_WARN_ENUM_CONVERSION = YES;
				CLANG_WARN_INFINITE_RECURSION = YES;
				CLANG_WARN_INT_CONVERSION = YES;
				CLANG_WARN_NON_LITERAL_NULL_CONVERSION = YES;
				CLANG_WARN_OBJC_IMPLICIT_RETAIN_SELF = YES;
				CLANG_WARN_OBJC_LITERAL_CONVERSION = YES;
				CLANG_WARN_OBJC_ROOT_CLASS = YES_ERROR;
				CLANG_WARN_QUOTED_INCLUDE_IN_FRAMEWORK_HEADER = YES;
				CLANG_WARN_RANGE_LOOP_ANALYSIS = YES;
				CLANG_WARN_STRICT_PROTOTYPES = YES;
				CLANG_WARN_SUSPICIOUS_MOVE = YES;
				CLANG_WARN_UNGUARDED_AVAILABILITY = YES_AGGRESSIVE;
				CLANG_WARN_UNREACHABLE_CODE = YES;
				CLANG_WARN__DUPLICATE_METHOD_MATCH = YES;
				COPY_PHASE_STRIP = NO;
				DEBUG_INFORMATION_FORMAT = "dwarf-with-dsym";
				ENABLE_NS_ASSERTIONS = NO;
				ENABLE_STRICT_OBJC_MSGSEND = YES;
				GCC_C_LANGUAGE_STANDARD = gnu11;
				GCC_NO_COMMON_BLOCKS = YES;
				GCC_WARN_64_TO_32_BIT_CONVERSION = YES;
				GCC_WARN_ABOUT_RETURN_TYPE = YES_ERROR;
				GCC_WARN_UNDECLARED_SELECTOR = YES;
				GCC_WARN_UNINITIALIZED_AUTOS = YES_AGGRESSIVE;
				GCC_WARN_UNUSED_FUNCTION = YES;
				GCC_WARN_UNUSED_VARIABLE = YES;
				IPHONEOS_DEPLOYMENT_TARGET = 14.0;
				MTL_ENABLE_DEBUG_INFO = NO;
				MTL_FAST_MATH = YES;
				SDKROOT = iphoneos;
				SWIFT_COMPILATION_MODE = wholemodule;
				SWIFT_OPTIMIZATION_LEVEL = "-O";
				VALIDATE_PRODUCT = YES;
			};
			name = Release;
		};
		67BCBA0F255842AF00A001C0 /* Debug */ = {
			isa = XCBuildConfiguration;
			buildSettings = {
				ASSETCATALOG_COMPILER_APPICON_NAME = AppIcon;
				ASSETCATALOG_COMPILER_GLOBAL_ACCENT_COLOR_NAME = AccentColor;
				CODE_SIGN_STYLE = Automatic;
				INFOPLIST_FILE = AlineaTask/Info.plist;
				LD_RUNPATH_SEARCH_PATHS = (
					"$(inherited)",
					"@executable_path/Frameworks",
				);
				PRODUCT_BUNDLE_IDENTIFIER = com.appernaut.AlineaTask;
				PRODUCT_NAME = "$(TARGET_NAME)";
				SWIFT_VERSION = 5.0;
				TARGETED_DEVICE_FAMILY = 1;
			};
			name = Debug;
		};
		67BCBA10255842AF00A001C0 /* Release */ = {
			isa = XCBuildConfiguration;
			buildSettings = {
				ASSETCATALOG_COMPILER_APPICON_NAME = AppIcon;
				ASSETCATALOG_COMPILER_GLOBAL_ACCENT_COLOR_NAME = AccentColor;
				CODE_SIGN_STYLE = Automatic;
				INFOPLIST_FILE = AlineaTask/Info.plist;
				LD_RUNPATH_SEARCH_PATHS = (
					"$(inherited)",
					"@executable_path/Frameworks",
				);
				PRODUCT_BUNDLE_IDENTIFIER = com.appernaut.AlineaTask;
				PRODUCT_NAME = "$(TARGET_NAME)";
				SWIFT_VERSION = 5.0;
				TARGETED_DEVICE_FAMILY = 1;
			};
			name = Release;
		};
/* End XCBuildConfiguration section */

/* Begin XCConfigurationList section */
		67BCB9F5255842AC00A001C0 /* Build configuration list for PBXProject "AlineaTask" */ = {
			isa = XCConfigurationList;
			buildConfigurations = (
				67BCBA0C255842AF00A001C0 /* Debug */,
				67BCBA0D255842AF00A001C0 /* Release */,
			);
			defaultConfigurationIsVisible = 0;
			defaultConfigurationName = Release;
		};
		67BCBA0E255842AF00A001C0 /* Build configuration list for PBXNativeTarget "AlineaTask" */ = {
			isa = XCConfigurationList;
			buildConfigurations = (
				67BCBA0F255842AF00A001C0 /* Debug */,
				67BCBA10255842AF00A001C0 /* Release */,
			);
			defaultConfigurationIsVisible = 0;
			defaultConfigurationName = Release;
		};
/* End XCConfigurationList section */
	};
	rootObject = 67BCB9F2255842AC00A001C0 /* Project object */;
}
